// !$*UTF8*$!
{
	archiveVersion = 1;
	classes = {
	};
	objectVersion = 46;
	objects = {

/* Begin PBXBuildFile section */
		E22D82BD19870DB7006A98A8 /* Foundation.framework in Frameworks */ = {isa = PBXBuildFile; fileRef = E22D82BC19870DB7006A98A8 /* Foundation.framework */; };
		E22D82BF19870DB7006A98A8 /* CoreGraphics.framework in Frameworks */ = {isa = PBXBuildFile; fileRef = E22D82BE19870DB7006A98A8 /* CoreGraphics.framework */; };
		E22D82C119870DB7006A98A8 /* UIKit.framework in Frameworks */ = {isa = PBXBuildFile; fileRef = E22D82C019870DB7006A98A8 /* UIKit.framework */; };
		E22D82C319870DB7006A98A8 /* CoreData.framework in Frameworks */ = {isa = PBXBuildFile; fileRef = E22D82C219870DB7006A98A8 /* CoreData.framework */; };
		E22D82C919870DB7006A98A8 /* InfoPlist.strings in Resources */ = {isa = PBXBuildFile; fileRef = E22D82C719870DB7006A98A8 /* InfoPlist.strings */; };
		E22D82CB19870DB7006A98A8 /* main.m in Sources */ = {isa = PBXBuildFile; fileRef = E22D82CA19870DB7006A98A8 /* main.m */; };
		E22D82CF19870DB7006A98A8 /* CRAppDelegate.m in Sources */ = {isa = PBXBuildFile; fileRef = E22D82CE19870DB7006A98A8 /* CRAppDelegate.m */; };
		E22D82D219870DB7006A98A8 /* Main.storyboard in Resources */ = {isa = PBXBuildFile; fileRef = E22D82D019870DB7006A98A8 /* Main.storyboard */; };
		E22D82D519870DB7006A98A8 /* Critical.xcdatamodeld in Sources */ = {isa = PBXBuildFile; fileRef = E22D82D319870DB7006A98A8 /* Critical.xcdatamodeld */; };
		E22D82D819870DB7006A98A8 /* CRMasterViewController.m in Sources */ = {isa = PBXBuildFile; fileRef = E22D82D719870DB7006A98A8 /* CRMasterViewController.m */; };
		E22D82DB19870DB7006A98A8 /* CRDetailViewController.m in Sources */ = {isa = PBXBuildFile; fileRef = E22D82DA19870DB7006A98A8 /* CRDetailViewController.m */; };
		E22D82DD19870DB7006A98A8 /* Images.xcassets in Resources */ = {isa = PBXBuildFile; fileRef = E22D82DC19870DB7006A98A8 /* Images.xcassets */; };
		E22D82E419870DB7006A98A8 /* XCTest.framework in Frameworks */ = {isa = PBXBuildFile; fileRef = E22D82E319870DB7006A98A8 /* XCTest.framework */; };
		E22D82E519870DB7006A98A8 /* Foundation.framework in Frameworks */ = {isa = PBXBuildFile; fileRef = E22D82BC19870DB7006A98A8 /* Foundation.framework */; };
		E22D82E619870DB7006A98A8 /* UIKit.framework in Frameworks */ = {isa = PBXBuildFile; fileRef = E22D82C019870DB7006A98A8 /* UIKit.framework */; };
		E22D82E719870DB7006A98A8 /* CoreData.framework in Frameworks */ = {isa = PBXBuildFile; fileRef = E22D82C219870DB7006A98A8 /* CoreData.framework */; };
		E22D82EF19870DB7006A98A8 /* InfoPlist.strings in Resources */ = {isa = PBXBuildFile; fileRef = E22D82ED19870DB7006A98A8 /* InfoPlist.strings */; };
		E22D82F119870DB7006A98A8 /* CriticalTests.m in Sources */ = {isa = PBXBuildFile; fileRef = E22D82F019870DB7006A98A8 /* CriticalTests.m */; };
		E2AE05801A08B25000F38FDF /* Set.m in Sources */ = {isa = PBXBuildFile; fileRef = E2AE057F1A08B25000F38FDF /* Set.m */; };
		E2AE05831A08B25100F38FDF /* Question.m in Sources */ = {isa = PBXBuildFile; fileRef = E2AE05821A08B25100F38FDF /* Question.m */; };
		E2AE05861A08B25100F38FDF /* Bank.m in Sources */ = {isa = PBXBuildFile; fileRef = E2AE05851A08B25100F38FDF /* Bank.m */; };
		E2AE05891A08B25100F38FDF /* Section.m in Sources */ = {isa = PBXBuildFile; fileRef = E2AE05881A08B25100F38FDF /* Section.m */; };
		E2AE058C1A08B25100F38FDF /* Subsection.m in Sources */ = {isa = PBXBuildFile; fileRef = E2AE058B1A08B25100F38FDF /* Subsection.m */; };
		E2C4E756199AEF0100997BAC /* CRQuestionViewController.m in Sources */ = {isa = PBXBuildFile; fileRef = E2C4E755199AEF0100997BAC /* CRQuestionViewController.m */; };
		E2E2C03D19DC1FE200DDBD70 /* CRSubsectionVC.m in Sources */ = {isa = PBXBuildFile; fileRef = E2E2C03C19DC1FE200DDBD70 /* CRSubsectionVC.m */; };
/* End PBXBuildFile section */

/* Begin PBXContainerItemProxy section */
		E22D82E819870DB7006A98A8 /* PBXContainerItemProxy */ = {
			isa = PBXContainerItemProxy;
			containerPortal = E22D82B119870DB7006A98A8 /* Project object */;
			proxyType = 1;
			remoteGlobalIDString = E22D82B819870DB7006A98A8;
			remoteInfo = Critical;
		};
/* End PBXContainerItemProxy section */

/* Begin PBXFileReference section */
		E22D82B919870DB7006A98A8 /* Critical.app */ = {isa = PBXFileReference; explicitFileType = wrapper.application; includeInIndex = 0; path = Critical.app; sourceTree = BUILT_PRODUCTS_DIR; };
		E22D82BC19870DB7006A98A8 /* Foundation.framework */ = {isa = PBXFileReference; lastKnownFileType = wrapper.framework; name = Foundation.framework; path = System/Library/Frameworks/Foundation.framework; sourceTree = SDKROOT; };
		E22D82BE19870DB7006A98A8 /* CoreGraphics.framework */ = {isa = PBXFileReference; lastKnownFileType = wrapper.framework; name = CoreGraphics.framework; path = System/Library/Frameworks/CoreGraphics.framework; sourceTree = SDKROOT; };
		E22D82C019870DB7006A98A8 /* UIKit.framework */ = {isa = PBXFileReference; lastKnownFileType = wrapper.framework; name = UIKit.framework; path = System/Library/Frameworks/UIKit.framework; sourceTree = SDKROOT; };
		E22D82C219870DB7006A98A8 /* CoreData.framework */ = {isa = PBXFileReference; lastKnownFileType = wrapper.framework; name = CoreData.framework; path = System/Library/Frameworks/CoreData.framework; sourceTree = SDKROOT; };
		E22D82C619870DB7006A98A8 /* Critical-Info.plist */ = {isa = PBXFileReference; lastKnownFileType = text.plist.xml; path = "Critical-Info.plist"; sourceTree = "<group>"; };
		E22D82C819870DB7006A98A8 /* en */ = {isa = PBXFileReference; lastKnownFileType = text.plist.strings; name = en; path = en.lproj/InfoPlist.strings; sourceTree = "<group>"; };
		E22D82CA19870DB7006A98A8 /* main.m */ = {isa = PBXFileReference; lastKnownFileType = sourcecode.c.objc; path = main.m; sourceTree = "<group>"; };
		E22D82CC19870DB7006A98A8 /* Critical-Prefix.pch */ = {isa = PBXFileReference; lastKnownFileType = sourcecode.c.h; path = "Critical-Prefix.pch"; sourceTree = "<group>"; };
		E22D82CD19870DB7006A98A8 /* CRAppDelegate.h */ = {isa = PBXFileReference; lastKnownFileType = sourcecode.c.h; path = CRAppDelegate.h; sourceTree = "<group>"; };
		E22D82CE19870DB7006A98A8 /* CRAppDelegate.m */ = {isa = PBXFileReference; lastKnownFileType = sourcecode.c.objc; path = CRAppDelegate.m; sourceTree = "<group>"; };
		E22D82D119870DB7006A98A8 /* Base */ = {isa = PBXFileReference; lastKnownFileType = file.storyboard; name = Base; path = Base.lproj/Main.storyboard; sourceTree = "<group>"; };
		E22D82D419870DB7006A98A8 /* Critical.xcdatamodel */ = {isa = PBXFileReference; lastKnownFileType = wrapper.xcdatamodel; path = Critical.xcdatamodel; sourceTree = "<group>"; };
		E22D82D619870DB7006A98A8 /* CRMasterViewController.h */ = {isa = PBXFileReference; lastKnownFileType = sourcecode.c.h; path = CRMasterViewController.h; sourceTree = "<group>"; };
		E22D82D719870DB7006A98A8 /* CRMasterViewController.m */ = {isa = PBXFileReference; lastKnownFileType = sourcecode.c.objc; path = CRMasterViewController.m; sourceTree = "<group>"; };
		E22D82D919870DB7006A98A8 /* CRDetailViewController.h */ = {isa = PBXFileReference; lastKnownFileType = sourcecode.c.h; path = CRDetailViewController.h; sourceTree = "<group>"; };
		E22D82DA19870DB7006A98A8 /* CRDetailViewController.m */ = {isa = PBXFileReference; lastKnownFileType = sourcecode.c.objc; path = CRDetailViewController.m; sourceTree = "<group>"; };
		E22D82DC19870DB7006A98A8 /* Images.xcassets */ = {isa = PBXFileReference; lastKnownFileType = folder.assetcatalog; path = Images.xcassets; sourceTree = "<group>"; };
		E22D82E219870DB7006A98A8 /* CriticalTests.xctest */ = {isa = PBXFileReference; explicitFileType = wrapper.cfbundle; includeInIndex = 0; path = CriticalTests.xctest; sourceTree = BUILT_PRODUCTS_DIR; };
		E22D82E319870DB7006A98A8 /* XCTest.framework */ = {isa = PBXFileReference; lastKnownFileType = wrapper.framework; name = XCTest.framework; path = Library/Frameworks/XCTest.framework; sourceTree = DEVELOPER_DIR; };
		E22D82EC19870DB7006A98A8 /* CriticalTests-Info.plist */ = {isa = PBXFileReference; lastKnownFileType = text.plist.xml; path = "CriticalTests-Info.plist"; sourceTree = "<group>"; };
		E22D82EE19870DB7006A98A8 /* en */ = {isa = PBXFileReference; lastKnownFileType = text.plist.strings; name = en; path = en.lproj/InfoPlist.strings; sourceTree = "<group>"; };
		E22D82F019870DB7006A98A8 /* CriticalTests.m */ = {isa = PBXFileReference; lastKnownFileType = sourcecode.c.objc; path = CriticalTests.m; sourceTree = "<group>"; };
		E2AE057E1A08B25000F38FDF /* Set.h */ = {isa = PBXFileReference; fileEncoding = 4; lastKnownFileType = sourcecode.c.h; path = Set.h; sourceTree = "<group>"; };
		E2AE057F1A08B25000F38FDF /* Set.m */ = {isa = PBXFileReference; fileEncoding = 4; lastKnownFileType = sourcecode.c.objc; path = Set.m; sourceTree = "<group>"; };
		E2AE05811A08B25100F38FDF /* Question.h */ = {isa = PBXFileReference; fileEncoding = 4; lastKnownFileType = sourcecode.c.h; path = Question.h; sourceTree = "<group>"; };
		E2AE05821A08B25100F38FDF /* Question.m */ = {isa = PBXFileReference; fileEncoding = 4; lastKnownFileType = sourcecode.c.objc; path = Question.m; sourceTree = "<group>"; };
		E2AE05841A08B25100F38FDF /* Bank.h */ = {isa = PBXFileReference; fileEncoding = 4; lastKnownFileType = sourcecode.c.h; path = Bank.h; sourceTree = "<group>"; };
		E2AE05851A08B25100F38FDF /* Bank.m */ = {isa = PBXFileReference; fileEncoding = 4; lastKnownFileType = sourcecode.c.objc; path = Bank.m; sourceTree = "<group>"; };
		E2AE05871A08B25100F38FDF /* Section.h */ = {isa = PBXFileReference; fileEncoding = 4; lastKnownFileType = sourcecode.c.h; path = Section.h; sourceTree = "<group>"; };
		E2AE05881A08B25100F38FDF /* Section.m */ = {isa = PBXFileReference; fileEncoding = 4; lastKnownFileType = sourcecode.c.objc; path = Section.m; sourceTree = "<group>"; };
		E2AE058A1A08B25100F38FDF /* Subsection.h */ = {isa = PBXFileReference; fileEncoding = 4; lastKnownFileType = sourcecode.c.h; path = Subsection.h; sourceTree = "<group>"; };
		E2AE058B1A08B25100F38FDF /* Subsection.m */ = {isa = PBXFileReference; fileEncoding = 4; lastKnownFileType = sourcecode.c.objc; path = Subsection.m; sourceTree = "<group>"; };
		E2C4E754199AEF0100997BAC /* CRQuestionViewController.h */ = {isa = PBXFileReference; fileEncoding = 4; lastKnownFileType = sourcecode.c.h; path = CRQuestionViewController.h; sourceTree = "<group>"; };
		E2C4E755199AEF0100997BAC /* CRQuestionViewController.m */ = {isa = PBXFileReference; fileEncoding = 4; lastKnownFileType = sourcecode.c.objc; path = CRQuestionViewController.m; sourceTree = "<group>"; };
		E2E2C03B19DC1FE200DDBD70 /* CRSubsectionVC.h */ = {isa = PBXFileReference; fileEncoding = 4; lastKnownFileType = sourcecode.c.h; path = CRSubsectionVC.h; sourceTree = "<group>"; };
		E2E2C03C19DC1FE200DDBD70 /* CRSubsectionVC.m */ = {isa = PBXFileReference; fileEncoding = 4; lastKnownFileType = sourcecode.c.objc; path = CRSubsectionVC.m; sourceTree = "<group>"; };
/* End PBXFileReference section */

/* Begin PBXFrameworksBuildPhase section */
		E22D82B619870DB7006A98A8 /* Frameworks */ = {
			isa = PBXFrameworksBuildPhase;
			buildActionMask = 2147483647;
			files = (
				E22D82BF19870DB7006A98A8 /* CoreGraphics.framework in Frameworks */,
				E22D82C319870DB7006A98A8 /* CoreData.framework in Frameworks */,
				E22D82C119870DB7006A98A8 /* UIKit.framework in Frameworks */,
				E22D82BD19870DB7006A98A8 /* Foundation.framework in Frameworks */,
			);
			runOnlyForDeploymentPostprocessing = 0;
		};
		E22D82DF19870DB7006A98A8 /* Frameworks */ = {
			isa = PBXFrameworksBuildPhase;
			buildActionMask = 2147483647;
			files = (
				E22D82E419870DB7006A98A8 /* XCTest.framework in Frameworks */,
				E22D82E719870DB7006A98A8 /* CoreData.framework in Frameworks */,
				E22D82E619870DB7006A98A8 /* UIKit.framework in Frameworks */,
				E22D82E519870DB7006A98A8 /* Foundation.framework in Frameworks */,
			);
			runOnlyForDeploymentPostprocessing = 0;
		};
/* End PBXFrameworksBuildPhase section */

/* Begin PBXGroup section */
		E22D82B019870DB7006A98A8 = {
			isa = PBXGroup;
			children = (
				E22D82C419870DB7006A98A8 /* Critical */,
				E22D82EA19870DB7006A98A8 /* CriticalTests */,
				E22D82BB19870DB7006A98A8 /* Frameworks */,
				E22D82BA19870DB7006A98A8 /* Products */,
			);
			sourceTree = "<group>";
		};
		E22D82BA19870DB7006A98A8 /* Products */ = {
			isa = PBXGroup;
			children = (
				E22D82B919870DB7006A98A8 /* Critical.app */,
				E22D82E219870DB7006A98A8 /* CriticalTests.xctest */,
			);
			name = Products;
			sourceTree = "<group>";
		};
		E22D82BB19870DB7006A98A8 /* Frameworks */ = {
			isa = PBXGroup;
			children = (
				E22D82BC19870DB7006A98A8 /* Foundation.framework */,
				E22D82BE19870DB7006A98A8 /* CoreGraphics.framework */,
				E22D82C019870DB7006A98A8 /* UIKit.framework */,
				E22D82C219870DB7006A98A8 /* CoreData.framework */,
				E22D82E319870DB7006A98A8 /* XCTest.framework */,
			);
			name = Frameworks;
			sourceTree = "<group>";
		};
		E22D82C419870DB7006A98A8 /* Critical */ = {
			isa = PBXGroup;
			children = (
				E22D82CD19870DB7006A98A8 /* CRAppDelegate.h */,
				E22D82CE19870DB7006A98A8 /* CRAppDelegate.m */,
				E22D82D019870DB7006A98A8 /* Main.storyboard */,
				E22D82D619870DB7006A98A8 /* CRMasterViewController.h */,
				E22D82D719870DB7006A98A8 /* CRMasterViewController.m */,
				E22D82D919870DB7006A98A8 /* CRDetailViewController.h */,
				E22D82DA19870DB7006A98A8 /* CRDetailViewController.m */,
				E2E2C03B19DC1FE200DDBD70 /* CRSubsectionVC.h */,
				E2E2C03C19DC1FE200DDBD70 /* CRSubsectionVC.m */,
				E22D82DC19870DB7006A98A8 /* Images.xcassets */,
				E2C4E754199AEF0100997BAC /* CRQuestionViewController.h */,
				E2C4E755199AEF0100997BAC /* CRQuestionViewController.m */,
				E22D82D319870DB7006A98A8 /* Critical.xcdatamodeld */,
				E2AE058A1A08B25100F38FDF /* Subsection.h */,
				E2AE058B1A08B25100F38FDF /* Subsection.m */,
				E2AE05871A08B25100F38FDF /* Section.h */,
				E2AE05881A08B25100F38FDF /* Section.m */,
				E2AE05841A08B25100F38FDF /* Bank.h */,
				E2AE05851A08B25100F38FDF /* Bank.m */,
				E2AE05811A08B25100F38FDF /* Question.h */,
				E2AE05821A08B25100F38FDF /* Question.m */,
				E2AE057E1A08B25000F38FDF /* Set.h */,
				E2AE057F1A08B25000F38FDF /* Set.m */,
				E25DE21819E024C000BE6252 /* Model */,
				E22D82C519870DB7006A98A8 /* Supporting Files */,
			);
			path = Critical;
			sourceTree = "<group>";
		};
		E22D82C519870DB7006A98A8 /* Supporting Files */ = {
			isa = PBXGroup;
			children = (
				E22D82C619870DB7006A98A8 /* Critical-Info.plist */,
				E22D82C719870DB7006A98A8 /* InfoPlist.strings */,
				E22D82CA19870DB7006A98A8 /* main.m */,
				E22D82CC19870DB7006A98A8 /* Critical-Prefix.pch */,
			);
			name = "Supporting Files";
			sourceTree = "<group>";
		};
		E22D82EA19870DB7006A98A8 /* CriticalTests */ = {
			isa = PBXGroup;
			children = (
				E22D82F019870DB7006A98A8 /* CriticalTests.m */,
				E22D82EB19870DB7006A98A8 /* Supporting Files */,
			);
			path = CriticalTests;
			sourceTree = "<group>";
		};
		E22D82EB19870DB7006A98A8 /* Supporting Files */ = {
			isa = PBXGroup;
			children = (
				E22D82EC19870DB7006A98A8 /* CriticalTests-Info.plist */,
				E22D82ED19870DB7006A98A8 /* InfoPlist.strings */,
			);
			name = "Supporting Files";
			sourceTree = "<group>";
		};
		E25DE21819E024C000BE6252 /* Model */ = {
			isa = PBXGroup;
			children = (
			);
			name = Model;
			sourceTree = "<group>";
		};
/* End PBXGroup section */

/* Begin PBXNativeTarget section */
		E22D82B819870DB7006A98A8 /* Critical */ = {
			isa = PBXNativeTarget;
			buildConfigurationList = E22D82F419870DB7006A98A8 /* Build configuration list for PBXNativeTarget "Critical" */;
			buildPhases = (
				E22D82B519870DB7006A98A8 /* Sources */,
				E22D82B619870DB7006A98A8 /* Frameworks */,
				E22D82B719870DB7006A98A8 /* Resources */,
			);
			buildRules = (
			);
			dependencies = (
			);
			name = Critical;
			productName = Critical;
			productReference = E22D82B919870DB7006A98A8 /* Critical.app */;
			productType = "com.apple.product-type.application";
		};
		E22D82E119870DB7006A98A8 /* CriticalTests */ = {
			isa = PBXNativeTarget;
			buildConfigurationList = E22D82F719870DB7006A98A8 /* Build configuration list for PBXNativeTarget "CriticalTests" */;
			buildPhases = (
				E22D82DE19870DB7006A98A8 /* Sources */,
				E22D82DF19870DB7006A98A8 /* Frameworks */,
				E22D82E019870DB7006A98A8 /* Resources */,
			);
			buildRules = (
			);
			dependencies = (
				E22D82E919870DB7006A98A8 /* PBXTargetDependency */,
			);
			name = CriticalTests;
			productName = CriticalTests;
			productReference = E22D82E219870DB7006A98A8 /* CriticalTests.xctest */;
			productType = "com.apple.product-type.bundle.unit-test";
		};
/* End PBXNativeTarget section */

/* Begin PBXProject section */
		E22D82B119870DB7006A98A8 /* Project object */ = {
			isa = PBXProject;
			attributes = {
				CLASSPREFIX = CR;
				LastUpgradeCheck = 0510;
				ORGANIZATIONNAME = Chung;
				TargetAttributes = {
					E22D82E119870DB7006A98A8 = {
						TestTargetID = E22D82B819870DB7006A98A8;
					};
				};
			};
			buildConfigurationList = E22D82B419870DB7006A98A8 /* Build configuration list for PBXProject "Critical" */;
			compatibilityVersion = "Xcode 3.2";
			developmentRegion = English;
			hasScannedForEncodings = 0;
			knownRegions = (
				en,
				Base,
			);
			mainGroup = E22D82B019870DB7006A98A8;
			productRefGroup = E22D82BA19870DB7006A98A8 /* Products */;
			projectDirPath = "";
			projectRoot = "";
			targets = (
				E22D82B819870DB7006A98A8 /* Critical */,
				E22D82E119870DB7006A98A8 /* CriticalTests */,
			);
		};
/* End PBXProject section */

/* Begin PBXResourcesBuildPhase section */
		E22D82B719870DB7006A98A8 /* Resources */ = {
			isa = PBXResourcesBuildPhase;
			buildActionMask = 2147483647;
			files = (
				E22D82DD19870DB7006A98A8 /* Images.xcassets in Resources */,
				E22D82C919870DB7006A98A8 /* InfoPlist.strings in Resources */,
				E22D82D219870DB7006A98A8 /* Main.storyboard in Resources */,
			);
			runOnlyForDeploymentPostprocessing = 0;
		};
		E22D82E019870DB7006A98A8 /* Resources */ = {
			isa = PBXResourcesBuildPhase;
			buildActionMask = 2147483647;
			files = (
				E22D82EF19870DB7006A98A8 /* InfoPlist.strings in Resources */,
			);
			runOnlyForDeploymentPostprocessing = 0;
		};
/* End PBXResourcesBuildPhase section */

/* Begin PBXSourcesBuildPhase section */
		E22D82B519870DB7006A98A8 /* Sources */ = {
			isa = PBXSourcesBuildPhase;
			buildActionMask = 2147483647;
			files = (
				E22D82CB19870DB7006A98A8 /* main.m in Sources */,
				E2C4E756199AEF0100997BAC /* CRQuestionViewController.m in Sources */,
				E2AE058C1A08B25100F38FDF /* Subsection.m in Sources */,
				E22D82DB19870DB7006A98A8 /* CRDetailViewController.m in Sources */,
				E2E2C03D19DC1FE200DDBD70 /* CRSubsectionVC.m in Sources */,
				E2AE05801A08B25000F38FDF /* Set.m in Sources */,
				E2AE05861A08B25100F38FDF /* Bank.m in Sources */,
				E22D82CF19870DB7006A98A8 /* CRAppDelegate.m in Sources */,
				E2AE05831A08B25100F38FDF /* Question.m in Sources */,
				E2AE05891A08B25100F38FDF /* Section.m in Sources */,
				E22D82D519870DB7006A98A8 /* Critical.xcdatamodeld in Sources */,
				E22D82D819870DB7006A98A8 /* CRMasterViewController.m in Sources */,
			);
			runOnlyForDeploymentPostprocessing = 0;
		};
		E22D82DE19870DB7006A98A8 /* Sources */ = {
			isa = PBXSourcesBuildPhase;
			buildActionMask = 2147483647;
			files = (
				E22D82F119870DB7006A98A8 /* CriticalTests.m in Sources */,
			);
			runOnlyForDeploymentPostprocessing = 0;
		};
/* End PBXSourcesBuildPhase section */

/* Begin PBXTargetDependency section */
		E22D82E919870DB7006A98A8 /* PBXTargetDependency */ = {
			isa = PBXTargetDependency;
			target = E22D82B819870DB7006A98A8 /* Critical */;
			targetProxy = E22D82E819870DB7006A98A8 /* PBXContainerItemProxy */;
		};
/* End PBXTargetDependency section */

/* Begin PBXVariantGroup section */
		E22D82C719870DB7006A98A8 /* InfoPlist.strings */ = {
			isa = PBXVariantGroup;
			children = (
				E22D82C819870DB7006A98A8 /* en */,
			);
			name = InfoPlist.strings;
			sourceTree = "<group>";
		};
		E22D82D019870DB7006A98A8 /* Main.storyboard */ = {
			isa = PBXVariantGroup;
			children = (
				E22D82D119870DB7006A98A8 /* Base */,
			);
			name = Main.storyboard;
			sourceTree = "<group>";
		};
		E22D82ED19870DB7006A98A8 /* InfoPlist.strings */ = {
			isa = PBXVariantGroup;
			children = (
				E22D82EE19870DB7006A98A8 /* en */,
			);
			name = InfoPlist.strings;
			sourceTree = "<group>";
		};
/* End PBXVariantGroup section */

/* Begin XCBuildConfiguration section */
		E22D82F219870DB7006A98A8 /* Debug */ = {
			isa = XCBuildConfiguration;
			buildSettings = {
				ALWAYS_SEARCH_USER_PATHS = NO;
				CLANG_CXX_LANGUAGE_STANDARD = "gnu++0x";
				CLANG_CXX_LIBRARY = "libc++";
				CLANG_ENABLE_MODULES = YES;
				CLANG_ENABLE_OBJC_ARC = YES;
				CLANG_WARN_BOOL_CONVERSION = YES;
				CLANG_WARN_CONSTANT_CONVERSION = YES;
				CLANG_WARN_DIRECT_OBJC_ISA_USAGE = YES_ERROR;
				CLANG_WARN_EMPTY_BODY = YES;
				CLANG_WARN_ENUM_CONVERSION = YES;
				CLANG_WARN_INT_CONVERSION = YES;
				CLANG_WARN_OBJC_ROOT_CLASS = YES_ERROR;
				CLANG_WARN__DUPLICATE_METHOD_MATCH = YES;
				"CODE_SIGN_IDENTITY[sdk=iphoneos*]" = "iPhone Developer";
				COPY_PHASE_STRIP = NO;
				GCC_C_LANGUAGE_STANDARD = gnu99;
				GCC_DYNAMIC_NO_PIC = NO;
				GCC_OPTIMIZATION_LEVEL = 0;
				GCC_PREPROCESSOR_DEFINITIONS = (
					"DEBUG=1",
					"$(inherited)",
				);
				GCC_SYMBOLS_PRIVATE_EXTERN = NO;
				GCC_WARN_64_TO_32_BIT_CONVERSION = YES;
				GCC_WARN_ABOUT_RETURN_TYPE = YES_ERROR;
				GCC_WARN_UNDECLARED_SELECTOR = YES;
				GCC_WARN_UNINITIALIZED_AUTOS = YES_AGGRESSIVE;
				GCC_WARN_UNUSED_FUNCTION = YES;
				GCC_WARN_UNUSED_VARIABLE = YES;
				IPHONEOS_DEPLOYMENT_TARGET = 7.1;
				ONLY_ACTIVE_ARCH = YES;
				SDKROOT = iphoneos;
			};
			name = Debug;
		};
		E22D82F319870DB7006A98A8 /* Release */ = {
			isa = XCBuildConfiguration;
			buildSettings = {
				ALWAYS_SEARCH_USER_PATHS = NO;
				CLANG_CXX_LANGUAGE_STANDARD = "gnu++0x";
				CLANG_CXX_LIBRARY = "libc++";
				CLANG_ENABLE_MODULES = YES;
				CLANG_ENABLE_OBJC_ARC = YES;
				CLANG_WARN_BOOL_CONVERSION = YES;
				CLANG_WARN_CONSTANT_CONVERSION = YES;
				CLANG_WARN_DIRECT_OBJC_ISA_USAGE = YES_ERROR;
				CLANG_WARN_EMPTY_BODY = YES;
				CLANG_WARN_ENUM_CONVERSION = YES;
				CLANG_WARN_INT_CONVERSION = YES;
				CLANG_WARN_OBJC_ROOT_CLASS = YES_ERROR;
				CLANG_WARN__DUPLICATE_METHOD_MATCH = YES;
				"CODE_SIGN_IDENTITY[sdk=iphoneos*]" = "iPhone Developer";
				COPY_PHASE_STRIP = YES;
				ENABLE_NS_ASSERTIONS = NO;
				GCC_C_LANGUAGE_STANDARD = gnu99;
				GCC_WARN_64_TO_32_BIT_CONVERSION = YES;
				GCC_WARN_ABOUT_RETURN_TYPE = YES_ERROR;
				GCC_WARN_UNDECLARED_SELECTOR = YES;
				GCC_WARN_UNINITIALIZED_AUTOS = YES_AGGRESSIVE;
				GCC_WARN_UNUSED_FUNCTION = YES;
				GCC_WARN_UNUSED_VARIABLE = YES;
				IPHONEOS_DEPLOYMENT_TARGET = 7.1;
				SDKROOT = iphoneos;
				VALIDATE_PRODUCT = YES;
			};
			name = Release;
		};
		E22D82F519870DB7006A98A8 /* Debug */ = {
			isa = XCBuildConfiguration;
			buildSettings = {
				ASSETCATALOG_COMPILER_APPICON_NAME = AppIcon;
				ASSETCATALOG_COMPILER_LAUNCHIMAGE_NAME = LaunchImage;
				GCC_PRECOMPILE_PREFIX_HEADER = YES;
				GCC_PREFIX_HEADER = "Critical/Critical-Prefix.pch";
				INFOPLIST_FILE = "Critical/Critical-Info.plist";
				PRODUCT_NAME = "$(TARGET_NAME)";
				WRAPPER_EXTENSION = app;
			};
			name = Debug;
		};
		E22D82F619870DB7006A98A8 /* Release */ = {
			isa = XCBuildConfiguration;
			buildSettings = {
				ASSETCATALOG_COMPILER_APPICON_NAME = AppIcon;
				ASSETCATALOG_COMPILER_LAUNCHIMAGE_NAME = LaunchImage;
				GCC_PRECOMPILE_PREFIX_HEADER = YES;
				GCC_PREFIX_HEADER = "Critical/Critical-Prefix.pch";
				INFOPLIST_FILE = "Critical/Critical-Info.plist";
				PRODUCT_NAME = "$(TARGET_NAME)";
				WRAPPER_EXTENSION = app;
			};
			name = Release;
		};
		E22D82F819870DB7006A98A8 /* Debug */ = {
			isa = XCBuildConfiguration;
			buildSettings = {
				BUNDLE_LOADER = "$(BUILT_PRODUCTS_DIR)/Critical.app/Critical";
				FRAMEWORK_SEARCH_PATHS = (
					"$(SDKROOT)/Developer/Library/Frameworks",
					"$(inherited)",
					"$(DEVELOPER_FRAMEWORKS_DIR)",
				);
				GCC_PRECOMPILE_PREFIX_HEADER = YES;
				GCC_PREFIX_HEADER = "Critical/Critical-Prefix.pch";
				GCC_PREPROCESSOR_DEFINITIONS = (
					"DEBUG=1",
					"$(inherited)",
				);
				INFOPLIST_FILE = "CriticalTests/CriticalTests-Info.plist";
				PRODUCT_NAME = "$(TARGET_NAME)";
				TEST_HOST = "$(BUNDLE_LOADER)";
				WRAPPER_EXTENSION = xctest;
			};
			name = Debug;
		};
		E22D82F919870DB7006A98A8 /* Release */ = {
			isa = XCBuildConfiguration;
			buildSettings = {
				BUNDLE_LOADER = "$(BUILT_PRODUCTS_DIR)/Critical.app/Critical";
				FRAMEWORK_SEARCH_PATHS = (
					"$(SDKROOT)/Developer/Library/Frameworks",
					"$(inherited)",
					"$(DEVELOPER_FRAMEWORKS_DIR)",
				);
				GCC_PRECOMPILE_PREFIX_HEADER = YES;
				GCC_PREFIX_HEADER = "Critical/Critical-Prefix.pch";
				INFOPLIST_FILE = "CriticalTests/CriticalTests-Info.plist";
				PRODUCT_NAME = "$(TARGET_NAME)";
				TEST_HOST = "$(BUNDLE_LOADER)";
				WRAPPER_EXTENSION = xctest;
			};
			name = Release;
		};
/* End XCBuildConfiguration section */

/* Begin XCConfigurationList section */
		E22D82B419870DB7006A98A8 /* Build configuration list for PBXProject "Critical" */ = {
			isa = XCConfigurationList;
			buildConfigurations = (
				E22D82F219870DB7006A98A8 /* Debug */,
				E22D82F319870DB7006A98A8 /* Release */,
			);
			defaultConfigurationIsVisible = 0;
			defaultConfigurationName = Release;
		};
		E22D82F419870DB7006A98A8 /* Build configuration list for PBXNativeTarget "Critical" */ = {
			isa = XCConfigurationList;
			buildConfigurations = (
				E22D82F519870DB7006A98A8 /* Debug */,
				E22D82F619870DB7006A98A8 /* Release */,
			);
			defaultConfigurationIsVisible = 0;
			defaultConfigurationName = Release;
		};
		E22D82F719870DB7006A98A8 /* Build configuration list for PBXNativeTarget "CriticalTests" */ = {
			isa = XCConfigurationList;
			buildConfigurations = (
				E22D82F819870DB7006A98A8 /* Debug */,
				E22D82F919870DB7006A98A8 /* Release */,
			);
			defaultConfigurationIsVisible = 0;
			defaultConfigurationName = Release;
		};
/* End XCConfigurationList section */

/* Begin XCVersionGroup section */
		E22D82D319870DB7006A98A8 /* Critical.xcdatamodeld */ = {
			isa = XCVersionGroup;
			children = (
				E22D82D419870DB7006A98A8 /* Critical.xcdatamodel */,
			);
			currentVersion = E22D82D419870DB7006A98A8 /* Critical.xcdatamodel */;
			path = Critical.xcdatamodeld;
			sourceTree = "<group>";
			versionGroupType = wrapper.xcdatamodel;
		};
/* End XCVersionGroup section */
	};
	rootObject = E22D82B119870DB7006A98A8 /* Project object */;
}
